// !$*UTF8*$!
{
	archiveVersion = 1;
	classes = {
	};
	objectVersion = 55;
	objects = {

/* Begin PBXBuildFile section */
		CB152E762836007C007DF353 /* Color+Ext.swift in Sources */ = {isa = PBXBuildFile; fileRef = CB152E752836007C007DF353 /* Color+Ext.swift */; };
		CB152E78283600D6007DF353 /* AppTabView.swift in Sources */ = {isa = PBXBuildFile; fileRef = CB152E77283600D6007DF353 /* AppTabView.swift */; };
		CB152E7A2836011E007DF353 /* LocationMapView.swift in Sources */ = {isa = PBXBuildFile; fileRef = CB152E792836011E007DF353 /* LocationMapView.swift */; };
		CB152E7C28360144007DF353 /* LocationListView.swift in Sources */ = {isa = PBXBuildFile; fileRef = CB152E7B28360144007DF353 /* LocationListView.swift */; };
		CB152E7E2836014B007DF353 /* ProfileView.swift in Sources */ = {isa = PBXBuildFile; fileRef = CB152E7D2836014B007DF353 /* ProfileView.swift */; };
		CB445BFD28388F1900C442F4 /* DDGLocation.swift in Sources */ = {isa = PBXBuildFile; fileRef = CB445BFC28388F1900C442F4 /* DDGLocation.swift */; };
		CB5539B9283701BB00449B40 /* LocationDetailView.swift in Sources */ = {isa = PBXBuildFile; fileRef = CB5539B8283701BB00449B40 /* LocationDetailView.swift */; };
		CB5539BB2837355500449B40 /* LocationCell.swift in Sources */ = {isa = PBXBuildFile; fileRef = CB5539BA2837355400449B40 /* LocationCell.swift */; };
		CB5539BD2837357500449B40 /* AvatarView.swift in Sources */ = {isa = PBXBuildFile; fileRef = CB5539BC2837357500449B40 /* AvatarView.swift */; };
		CB5539BF283737C100449B40 /* CustomModifiers.swift in Sources */ = {isa = PBXBuildFile; fileRef = CB5539BE283737C100449B40 /* CustomModifiers.swift */; };
		CB5539C12837381900449B40 /* View+Ext.swift in Sources */ = {isa = PBXBuildFile; fileRef = CB5539C02837381900449B40 /* View+Ext.swift */; };
		CB5539C3283738D300449B40 /* DDGButton.swift in Sources */ = {isa = PBXBuildFile; fileRef = CB5539C2283738D300449B40 /* DDGButton.swift */; };
		CB58B3C92835FCE60092CE2C /* DubDubGrubApp.swift in Sources */ = {isa = PBXBuildFile; fileRef = CB58B3C82835FCE60092CE2C /* DubDubGrubApp.swift */; };
		CB58B3CD2835FCE80092CE2C /* Assets.xcassets in Resources */ = {isa = PBXBuildFile; fileRef = CB58B3CC2835FCE80092CE2C /* Assets.xcassets */; };
		CB58B3D02835FCE80092CE2C /* Preview Assets.xcassets in Resources */ = {isa = PBXBuildFile; fileRef = CB58B3CF2835FCE80092CE2C /* Preview Assets.xcassets */; };
		CB58B3D92835FD560092CE2C /* CloudKit.framework in Frameworks */ = {isa = PBXBuildFile; fileRef = CB58B3D82835FD560092CE2C /* CloudKit.framework */; };
/* End PBXBuildFile section */

/* Begin PBXFileReference section */
		CB152E752836007C007DF353 /* Color+Ext.swift */ = {isa = PBXFileReference; lastKnownFileType = sourcecode.swift; path = "Color+Ext.swift"; sourceTree = "<group>"; };
		CB152E77283600D6007DF353 /* AppTabView.swift */ = {isa = PBXFileReference; lastKnownFileType = sourcecode.swift; path = AppTabView.swift; sourceTree = "<group>"; };
		CB152E792836011E007DF353 /* LocationMapView.swift */ = {isa = PBXFileReference; lastKnownFileType = sourcecode.swift; path = LocationMapView.swift; sourceTree = "<group>"; };
		CB152E7B28360144007DF353 /* LocationListView.swift */ = {isa = PBXFileReference; lastKnownFileType = sourcecode.swift; path = LocationListView.swift; sourceTree = "<group>"; };
		CB152E7D2836014B007DF353 /* ProfileView.swift */ = {isa = PBXFileReference; lastKnownFileType = sourcecode.swift; path = ProfileView.swift; sourceTree = "<group>"; };
		CB445BFC28388F1900C442F4 /* DDGLocation.swift */ = {isa = PBXFileReference; lastKnownFileType = sourcecode.swift; path = DDGLocation.swift; sourceTree = "<group>"; };
		CB5539B8283701BB00449B40 /* LocationDetailView.swift */ = {isa = PBXFileReference; lastKnownFileType = sourcecode.swift; path = LocationDetailView.swift; sourceTree = "<group>"; };
		CB5539BA2837355400449B40 /* LocationCell.swift */ = {isa = PBXFileReference; lastKnownFileType = sourcecode.swift; path = LocationCell.swift; sourceTree = "<group>"; };
		CB5539BC2837357500449B40 /* AvatarView.swift */ = {isa = PBXFileReference; lastKnownFileType = sourcecode.swift; path = AvatarView.swift; sourceTree = "<group>"; };
		CB5539BE283737C100449B40 /* CustomModifiers.swift */ = {isa = PBXFileReference; lastKnownFileType = sourcecode.swift; path = CustomModifiers.swift; sourceTree = "<group>"; };
		CB5539C02837381900449B40 /* View+Ext.swift */ = {isa = PBXFileReference; lastKnownFileType = sourcecode.swift; path = "View+Ext.swift"; sourceTree = "<group>"; };
		CB5539C2283738D300449B40 /* DDGButton.swift */ = {isa = PBXFileReference; lastKnownFileType = sourcecode.swift; path = DDGButton.swift; sourceTree = "<group>"; };
		CB58B3C52835FCE60092CE2C /* DubDubGrub.app */ = {isa = PBXFileReference; explicitFileType = wrapper.application; includeInIndex = 0; path = DubDubGrub.app; sourceTree = BUILT_PRODUCTS_DIR; };
		CB58B3C82835FCE60092CE2C /* DubDubGrubApp.swift */ = {isa = PBXFileReference; lastKnownFileType = sourcecode.swift; path = DubDubGrubApp.swift; sourceTree = "<group>"; };
		CB58B3CC2835FCE80092CE2C /* Assets.xcassets */ = {isa = PBXFileReference; lastKnownFileType = folder.assetcatalog; path = Assets.xcassets; sourceTree = "<group>"; };
		CB58B3CF2835FCE80092CE2C /* Preview Assets.xcassets */ = {isa = PBXFileReference; lastKnownFileType = folder.assetcatalog; path = "Preview Assets.xcassets"; sourceTree = "<group>"; };
		CB58B3D62835FD4B0092CE2C /* DubDubGrub.entitlements */ = {isa = PBXFileReference; lastKnownFileType = text.plist.entitlements; path = DubDubGrub.entitlements; sourceTree = "<group>"; };
		CB58B3D82835FD560092CE2C /* CloudKit.framework */ = {isa = PBXFileReference; lastKnownFileType = wrapper.framework; name = CloudKit.framework; path = System/Library/Frameworks/CloudKit.framework; sourceTree = SDKROOT; };
/* End PBXFileReference section */

/* Begin PBXFrameworksBuildPhase section */
		CB58B3C22835FCE60092CE2C /* Frameworks */ = {
			isa = PBXFrameworksBuildPhase;
			buildActionMask = 2147483647;
			files = (
				CB58B3D92835FD560092CE2C /* CloudKit.framework in Frameworks */,
			);
			runOnlyForDeploymentPostprocessing = 0;
		};
/* End PBXFrameworksBuildPhase section */

/* Begin PBXGroup section */
		CB445BFB28388EFD00C442F4 /* Models */ = {
			isa = PBXGroup;
			children = (
				CB445BFC28388F1900C442F4 /* DDGLocation.swift */,
			);
			path = Models;
			sourceTree = "<group>";
		};
		CB5539C428373A1A00449B40 /* Extensions */ = {
			isa = PBXGroup;
			children = (
				CB152E752836007C007DF353 /* Color+Ext.swift */,
				CB5539C02837381900449B40 /* View+Ext.swift */,
			);
			path = Extensions;
			sourceTree = "<group>";
		};
		CB5539C528373A3000449B40 /* Views */ = {
			isa = PBXGroup;
			children = (
				CB5539C828373A7A00449B40 /* CustomViews */,
				CB5539C728373A6600449B40 /* Cells */,
				CB5539C628373A3A00449B40 /* Screens */,
			);
			path = Views;
			sourceTree = "<group>";
		};
		CB5539C628373A3A00449B40 /* Screens */ = {
			isa = PBXGroup;
			children = (
				CB152E77283600D6007DF353 /* AppTabView.swift */,
				CB152E792836011E007DF353 /* LocationMapView.swift */,
				CB152E7B28360144007DF353 /* LocationListView.swift */,
				CB5539B8283701BB00449B40 /* LocationDetailView.swift */,
				CB152E7D2836014B007DF353 /* ProfileView.swift */,
			);
			path = Screens;
			sourceTree = "<group>";
		};
		CB5539C728373A6600449B40 /* Cells */ = {
			isa = PBXGroup;
			children = (
				CB5539BA2837355400449B40 /* LocationCell.swift */,
			);
			path = Cells;
			sourceTree = "<group>";
		};
		CB5539C828373A7A00449B40 /* CustomViews */ = {
			isa = PBXGroup;
			children = (
				CB5539BC2837357500449B40 /* AvatarView.swift */,
				CB5539C2283738D300449B40 /* DDGButton.swift */,
				CB5539BE283737C100449B40 /* CustomModifiers.swift */,
			);
			path = CustomViews;
			sourceTree = "<group>";
		};
		CB58B3BC2835FCE60092CE2C = {
			isa = PBXGroup;
			children = (
				CB58B3C72835FCE60092CE2C /* DubDubGrub */,
				CB58B3C62835FCE60092CE2C /* Products */,
				CB58B3D72835FD560092CE2C /* Frameworks */,
			);
			sourceTree = "<group>";
		};
		CB58B3C62835FCE60092CE2C /* Products */ = {
			isa = PBXGroup;
			children = (
				CB58B3C52835FCE60092CE2C /* DubDubGrub.app */,
			);
			name = Products;
			sourceTree = "<group>";
		};
		CB58B3C72835FCE60092CE2C /* DubDubGrub */ = {
			isa = PBXGroup;
			children = (
				CB445BFB28388EFD00C442F4 /* Models */,
				CB5539C428373A1A00449B40 /* Extensions */,
				CB5539C528373A3000449B40 /* Views */,
				CB58B3D62835FD4B0092CE2C /* DubDubGrub.entitlements */,
				CB58B3C82835FCE60092CE2C /* DubDubGrubApp.swift */,
				CB58B3CC2835FCE80092CE2C /* Assets.xcassets */,
				CB58B3CE2835FCE80092CE2C /* Preview Content */,
			);
			path = DubDubGrub;
			sourceTree = "<group>";
		};
		CB58B3CE2835FCE80092CE2C /* Preview Content */ = {
			isa = PBXGroup;
			children = (
				CB58B3CF2835FCE80092CE2C /* Preview Assets.xcassets */,
			);
			path = "Preview Content";
			sourceTree = "<group>";
		};
		CB58B3D72835FD560092CE2C /* Frameworks */ = {
			isa = PBXGroup;
			children = (
				CB58B3D82835FD560092CE2C /* CloudKit.framework */,
			);
			name = Frameworks;
			sourceTree = "<group>";
		};
/* End PBXGroup section */

/* Begin PBXNativeTarget section */
		CB58B3C42835FCE60092CE2C /* DubDubGrub */ = {
			isa = PBXNativeTarget;
			buildConfigurationList = CB58B3D32835FCE80092CE2C /* Build configuration list for PBXNativeTarget "DubDubGrub" */;
			buildPhases = (
				CB58B3C12835FCE60092CE2C /* Sources */,
				CB58B3C22835FCE60092CE2C /* Frameworks */,
				CB58B3C32835FCE60092CE2C /* Resources */,
			);
			buildRules = (
			);
			dependencies = (
			);
			name = DubDubGrub;
			productName = DubDubGrub;
			productReference = CB58B3C52835FCE60092CE2C /* DubDubGrub.app */;
			productType = "com.apple.product-type.application";
		};
/* End PBXNativeTarget section */

/* Begin PBXProject section */
		CB58B3BD2835FCE60092CE2C /* Project object */ = {
			isa = PBXProject;
			attributes = {
				BuildIndependentTargetsInParallel = 1;
				LastSwiftUpdateCheck = 1330;
				LastUpgradeCheck = 1330;
				TargetAttributes = {
					CB58B3C42835FCE60092CE2C = {
						CreatedOnToolsVersion = 13.3.1;
					};
				};
			};
			buildConfigurationList = CB58B3C02835FCE60092CE2C /* Build configuration list for PBXProject "DubDubGrub" */;
			compatibilityVersion = "Xcode 13.0";
			developmentRegion = en;
			hasScannedForEncodings = 0;
			knownRegions = (
				en,
				Base,
			);
			mainGroup = CB58B3BC2835FCE60092CE2C;
			productRefGroup = CB58B3C62835FCE60092CE2C /* Products */;
			projectDirPath = "";
			projectRoot = "";
			targets = (
				CB58B3C42835FCE60092CE2C /* DubDubGrub */,
			);
		};
/* End PBXProject section */

/* Begin PBXResourcesBuildPhase section */
		CB58B3C32835FCE60092CE2C /* Resources */ = {
			isa = PBXResourcesBuildPhase;
			buildActionMask = 2147483647;
			files = (
				CB58B3D02835FCE80092CE2C /* Preview Assets.xcassets in Resources */,
				CB58B3CD2835FCE80092CE2C /* Assets.xcassets in Resources */,
			);
			runOnlyForDeploymentPostprocessing = 0;
		};
/* End PBXResourcesBuildPhase section */

/* Begin PBXSourcesBuildPhase section */
		CB58B3C12835FCE60092CE2C /* Sources */ = {
			isa = PBXSourcesBuildPhase;
			buildActionMask = 2147483647;
			files = (
				CB58B3C92835FCE60092CE2C /* DubDubGrubApp.swift in Sources */,
				CB5539BF283737C100449B40 /* CustomModifiers.swift in Sources */,
				CB152E7A2836011E007DF353 /* LocationMapView.swift in Sources */,
				CB152E7C28360144007DF353 /* LocationListView.swift in Sources */,
				CB5539B9283701BB00449B40 /* LocationDetailView.swift in Sources */,
				CB445BFD28388F1900C442F4 /* DDGLocation.swift in Sources */,
				CB152E78283600D6007DF353 /* AppTabView.swift in Sources */,
				CB152E7E2836014B007DF353 /* ProfileView.swift in Sources */,
				CB5539C12837381900449B40 /* View+Ext.swift in Sources */,
				CB5539BB2837355500449B40 /* LocationCell.swift in Sources */,
				CB5539C3283738D300449B40 /* DDGButton.swift in Sources */,
				CB5539BD2837357500449B40 /* AvatarView.swift in Sources */,
				CB152E762836007C007DF353 /* Color+Ext.swift in Sources */,
			);
			runOnlyForDeploymentPostprocessing = 0;
		};
/* End PBXSourcesBuildPhase section */

/* Begin XCBuildConfiguration section */
		CB58B3D12835FCE80092CE2C /* Debug */ = {
			isa = XCBuildConfiguration;
			buildSettings = {
				ALWAYS_SEARCH_USER_PATHS = NO;
				CLANG_ANALYZER_NONNULL = YES;
				CLANG_ANALYZER_NUMBER_OBJECT_CONVERSION = YES_AGGRESSIVE;
				CLANG_CXX_LANGUAGE_STANDARD = "gnu++17";
				CLANG_ENABLE_MODULES = YES;
				CLANG_ENABLE_OBJC_ARC = YES;
				CLANG_ENABLE_OBJC_WEAK = YES;
				CLANG_WARN_BLOCK_CAPTURE_AUTORELEASING = YES;
				CLANG_WARN_BOOL_CONVERSION = YES;
				CLANG_WARN_COMMA = YES;
				CLANG_WARN_CONSTANT_CONVERSION = YES;
				CLANG_WARN_DEPRECATED_OBJC_IMPLEMENTATIONS = YES;
				CLANG_WARN_DIRECT_OBJC_ISA_USAGE = YES_ERROR;
				CLANG_WARN_DOCUMENTATION_COMMENTS = YES;
				CLANG_WARN_EMPTY_BODY = YES;
				CLANG_WARN_ENUM_CONVERSION = YES;
				CLANG_WARN_INFINITE_RECURSION = YES;
				CLANG_WARN_INT_CONVERSION = YES;
				CLANG_WARN_NON_LITERAL_NULL_CONVERSION = YES;
				CLANG_WARN_OBJC_IMPLICIT_RETAIN_SELF = YES;
				CLANG_WARN_OBJC_LITERAL_CONVERSION = YES;
				CLANG_WARN_OBJC_ROOT_CLASS = YES_ERROR;
				CLANG_WARN_QUOTED_INCLUDE_IN_FRAMEWORK_HEADER = YES;
				CLANG_WARN_RANGE_LOOP_ANALYSIS = YES;
				CLANG_WARN_STRICT_PROTOTYPES = YES;
				CLANG_WARN_SUSPICIOUS_MOVE = YES;
				CLANG_WARN_UNGUARDED_AVAILABILITY = YES_AGGRESSIVE;
				CLANG_WARN_UNREACHABLE_CODE = YES;
				CLANG_WARN__DUPLICATE_METHOD_MATCH = YES;
				COPY_PHASE_STRIP = NO;
				DEBUG_INFORMATION_FORMAT = dwarf;
				ENABLE_STRICT_OBJC_MSGSEND = YES;
				ENABLE_TESTABILITY = YES;
				GCC_C_LANGUAGE_STANDARD = gnu11;
				GCC_DYNAMIC_NO_PIC = NO;
				GCC_NO_COMMON_BLOCKS = YES;
				GCC_OPTIMIZATION_LEVEL = 0;
				GCC_PREPROCESSOR_DEFINITIONS = (
					"DEBUG=1",
					"$(inherited)",
				);
				GCC_WARN_64_TO_32_BIT_CONVERSION = YES;
				GCC_WARN_ABOUT_RETURN_TYPE = YES_ERROR;
				GCC_WARN_UNDECLARED_SELECTOR = YES;
				GCC_WARN_UNINITIALIZED_AUTOS = YES_AGGRESSIVE;
				GCC_WARN_UNUSED_FUNCTION = YES;
				GCC_WARN_UNUSED_VARIABLE = YES;
				IPHONEOS_DEPLOYMENT_TARGET = 15.4;
				MTL_ENABLE_DEBUG_INFO = INCLUDE_SOURCE;
				MTL_FAST_MATH = YES;
				ONLY_ACTIVE_ARCH = YES;
				SDKROOT = iphoneos;
				SWIFT_ACTIVE_COMPILATION_CONDITIONS = DEBUG;
				SWIFT_OPTIMIZATION_LEVEL = "-Onone";
			};
			name = Debug;
		};
		CB58B3D22835FCE80092CE2C /* Release */ = {
			isa = XCBuildConfiguration;
			buildSettings = {
				ALWAYS_SEARCH_USER_PATHS = NO;
				CLANG_ANALYZER_NONNULL = YES;
				CLANG_ANALYZER_NUMBER_OBJECT_CONVERSION = YES_AGGRESSIVE;
				CLANG_CXX_LANGUAGE_STANDARD = "gnu++17";
				CLANG_ENABLE_MODULES = YES;
				CLANG_ENABLE_OBJC_ARC = YES;
				CLANG_ENABLE_OBJC_WEAK = YES;
				CLANG_WARN_BLOCK_CAPTURE_AUTORELEASING = YES;
				CLANG_WARN_BOOL_CONVERSION = YES;
				CLANG_WARN_COMMA = YES;
				CLANG_WARN_CONSTANT_CONVERSION = YES;
				CLANG_WARN_DEPRECATED_OBJC_IMPLEMENTATIONS = YES;
				CLANG_WARN_DIRECT_OBJC_ISA_USAGE = YES_ERROR;
				CLANG_WARN_DOCUMENTATION_COMMENTS = YES;
				CLANG_WARN_EMPTY_BODY = YES;
				CLANG_WARN_ENUM_CONVERSION = YES;
				CLANG_WARN_INFINITE_RECURSION = YES;
				CLANG_WARN_INT_CONVERSION = YES;
				CLANG_WARN_NON_LITERAL_NULL_CONVERSION = YES;
				CLANG_WARN_OBJC_IMPLICIT_RETAIN_SELF = YES;
				CLANG_WARN_OBJC_LITERAL_CONVERSION = YES;
				CLANG_WARN_OBJC_ROOT_CLASS = YES_ERROR;
				CLANG_WARN_QUOTED_INCLUDE_IN_FRAMEWORK_HEADER = YES;
				CLANG_WARN_RANGE_LOOP_ANALYSIS = YES;
				CLANG_WARN_STRICT_PROTOTYPES = YES;
				CLANG_WARN_SUSPICIOUS_MOVE = YES;
				CLANG_WARN_UNGUARDED_AVAILABILITY = YES_AGGRESSIVE;
				CLANG_WARN_UNREACHABLE_CODE = YES;
				CLANG_WARN__DUPLICATE_METHOD_MATCH = YES;
				COPY_PHASE_STRIP = NO;
				DEBUG_INFORMATION_FORMAT = "dwarf-with-dsym";
				ENABLE_NS_ASSERTIONS = NO;
				ENABLE_STRICT_OBJC_MSGSEND = YES;
				GCC_C_LANGUAGE_STANDARD = gnu11;
				GCC_NO_COMMON_BLOCKS = YES;
				GCC_WARN_64_TO_32_BIT_CONVERSION = YES;
				GCC_WARN_ABOUT_RETURN_TYPE = YES_ERROR;
				GCC_WARN_UNDECLARED_SELECTOR = YES;
				GCC_WARN_UNINITIALIZED_AUTOS = YES_AGGRESSIVE;
				GCC_WARN_UNUSED_FUNCTION = YES;
				GCC_WARN_UNUSED_VARIABLE = YES;
				IPHONEOS_DEPLOYMENT_TARGET = 15.4;
				MTL_ENABLE_DEBUG_INFO = NO;
				MTL_FAST_MATH = YES;
				SDKROOT = iphoneos;
				SWIFT_COMPILATION_MODE = wholemodule;
				SWIFT_OPTIMIZATION_LEVEL = "-O";
				VALIDATE_PRODUCT = YES;
			};
			name = Release;
		};
		CB58B3D42835FCE80092CE2C /* Debug */ = {
			isa = XCBuildConfiguration;
			buildSettings = {
				ASSETCATALOG_COMPILER_APPICON_NAME = AppIcon;
				ASSETCATALOG_COMPILER_GLOBAL_ACCENT_COLOR_NAME = AccentColor;
				CODE_SIGN_ENTITLEMENTS = DubDubGrub/DubDubGrub.entitlements;
				CODE_SIGN_STYLE = Automatic;
				CURRENT_PROJECT_VERSION = 1;
				DEVELOPMENT_ASSET_PATHS = "\"DubDubGrub/Preview Content\"";
				DEVELOPMENT_TEAM = Y58Z2JJ8PD;
				ENABLE_PREVIEWS = YES;
				GENERATE_INFOPLIST_FILE = YES;
				INFOPLIST_KEY_UIApplicationSceneManifest_Generation = YES;
				INFOPLIST_KEY_UIApplicationSupportsIndirectInputEvents = YES;
				INFOPLIST_KEY_UILaunchScreen_Generation = YES;
				INFOPLIST_KEY_UISupportedInterfaceOrientations_iPad = "UIInterfaceOrientationPortrait UIInterfaceOrientationPortraitUpsideDown UIInterfaceOrientationLandscapeLeft UIInterfaceOrientationLandscapeRight";
				INFOPLIST_KEY_UISupportedInterfaceOrientations_iPhone = "UIInterfaceOrientationPortrait UIInterfaceOrientationLandscapeLeft UIInterfaceOrientationLandscapeRight";
				LD_RUNPATH_SEARCH_PATHS = (
					"$(inherited)",
					"@executable_path/Frameworks",
				);
				MARKETING_VERSION = 1.0;
				PRODUCT_BUNDLE_IDENTIFIER = com.parkingpal.DubDubGrub;
				PRODUCT_NAME = "$(TARGET_NAME)";
				SWIFT_EMIT_LOC_STRINGS = YES;
				SWIFT_VERSION = 5.0;
				TARGETED_DEVICE_FAMILY = "1,2";
			};
			name = Debug;
		};
		CB58B3D52835FCE80092CE2C /* Release */ = {
			isa = XCBuildConfiguration;
			buildSettings = {
				ASSETCATALOG_COMPILER_APPICON_NAME = AppIcon;
				ASSETCATALOG_COMPILER_GLOBAL_ACCENT_COLOR_NAME = AccentColor;
				CODE_SIGN_ENTITLEMENTS = DubDubGrub/DubDubGrub.entitlements;
				CODE_SIGN_STYLE = Automatic;
				CURRENT_PROJECT_VERSION = 1;
				DEVELOPMENT_ASSET_PATHS = "\"DubDubGrub/Preview Content\"";
				DEVELOPMENT_TEAM = Y58Z2JJ8PD;
				ENABLE_PREVIEWS = YES;
				GENERATE_INFOPLIST_FILE = YES;
				INFOPLIST_KEY_UIApplicationSceneManifest_Generation = YES;
				INFOPLIST_KEY_UIApplicationSupportsIndirectInputEvents = YES;
				INFOPLIST_KEY_UILaunchScreen_Generation = YES;
				INFOPLIST_KEY_UISupportedInterfaceOrientations_iPad = "UIInterfaceOrientationPortrait UIInterfaceOrientationPortraitUpsideDown UIInterfaceOrientationLandscapeLeft UIInterfaceOrientationLandscapeRight";
				INFOPLIST_KEY_UISupportedInterfaceOrientations_iPhone = "UIInterfaceOrientationPortrait UIInterfaceOrientationLandscapeLeft UIInterfaceOrientationLandscapeRight";
				LD_RUNPATH_SEARCH_PATHS = (
					"$(inherited)",
					"@executable_path/Frameworks",
				);
				MARKETING_VERSION = 1.0;
				PRODUCT_BUNDLE_IDENTIFIER = com.parkingpal.DubDubGrub;
				PRODUCT_NAME = "$(TARGET_NAME)";
				SWIFT_EMIT_LOC_STRINGS = YES;
				SWIFT_VERSION = 5.0;
				TARGETED_DEVICE_FAMILY = "1,2";
			};
			name = Release;
		};
/* End XCBuildConfiguration section */

/* Begin XCConfigurationList section */
		CB58B3C02835FCE60092CE2C /* Build configuration list for PBXProject "DubDubGrub" */ = {
			isa = XCConfigurationList;
			buildConfigurations = (
				CB58B3D12835FCE80092CE2C /* Debug */,
				CB58B3D22835FCE80092CE2C /* Release */,
			);
			defaultConfigurationIsVisible = 0;
			defaultConfigurationName = Release;
		};
		CB58B3D32835FCE80092CE2C /* Build configuration list for PBXNativeTarget "DubDubGrub" */ = {
			isa = XCConfigurationList;
			buildConfigurations = (
				CB58B3D42835FCE80092CE2C /* Debug */,
				CB58B3D52835FCE80092CE2C /* Release */,
			);
			defaultConfigurationIsVisible = 0;
			defaultConfigurationName = Release;
		};
/* End XCConfigurationList section */
	};
	rootObject = CB58B3BD2835FCE60092CE2C /* Project object */;
}
